
Microsoft Visual Studio Solution File, Format Version 12.00
# Visual Studio Version 16
VisualStudioVersion = 16.0.30503.244
MinimumVisualStudioVersion = 10.0.40219.1
Project("{FAE04EC0-301F-11D3-BF4B-00C04F79EFBC}") = "TiendaProducto", "TiendaProducto\TiendaProducto.csproj", "{21A003D4-B96C-4339-84FB-A6849B7C5590}"
EndProject
Global
	GlobalSection(SolutionConfigurationPlatforms) = preSolution
		Debug|Any CPU = Debug|Any CPU
		Release|Any CPU = Release|Any CPU
	EndGlobalSection
	GlobalSection(ProjectConfigurationPlatforms) = postSolution
		{21A003D4-B96C-4339-84FB-A6849B7C5590}.Debug|Any CPU.ActiveCfg = Debug|Any CPU
		{21A003D4-B96C-4339-84FB-A6849B7C5590}.Debug|Any CPU.Build.0 = Debug|Any CPU
		{21A003D4-B96C-4339-84FB-A6849B7C5590}.Release|Any CPU.ActiveCfg = Release|Any CPU
		{21A003D4-B96C-4339-84FB-A6849B7C5590}.Release|Any CPU.Build.0 = Release|Any CPU
	EndGlobalSection
	GlobalSection(SolutionProperties) = preSolution
		HideSolutionNode = FALSE
	EndGlobalSection
	GlobalSection(ExtensibilityGlobals) = postSolution
		SolutionGuid = {C7798B00-A37D-4AF6-8D5D-305A4CE466D9}
	EndGlobalSection
EndGlobal
